{
  "nodes": {
    "nixpkgs": {
      "locked": {
        "lastModified": 1780965770,
        "narHash": "sha256-g13MEx3zFQG2HiYiEuM3QzLvGwnYiCuzRrIVYrTeSro=",
        "owner": "NixOS",
        "repo": "nixpkgs",
        "rev": "6a817a86f2e8684a19f9982b4598b3b65a3d38e6",
        "type": "github"
      },
      "original": {
        "owner": "NixOS",
        "ref": "staging-next",
        "repo": "nixpkgs",
        "type": "github"
      }
    },
    "root": {
      "inputs": {
        "nixpkgs": "nixpkgs"
      }
    }
  },
  "root": "root",
  "version": 7
}
