{
  "nodes": {
    "nixpkgs": {
      "locked": {
        "lastModified": 1784875910,
        "narHash": "sha256-UfxGmmJheitip1PVQHHJC3bIicCuVRxjAxB/Bis2kgI=",
        "owner": "NixOS",
        "repo": "nixpkgs",
        "rev": "a0f7233e070eb72d7f415eda943a1aa2290427c5",
        "type": "github"
      },
      "original": {
        "owner": "NixOS",
        "ref": "staging-next",
        "repo": "nixpkgs",
        "type": "github"
      }
    },
    "root": {
      "inputs": {
        "nixpkgs": "nixpkgs"
      }
    }
  },
  "root": "root",
  "version": 7
}
